
Microsoft Visual Studio Solution File, Format Version 12.00
# Visual Studio for Mac
Project("{FAE04EC0-301F-11D3-BF4B-00C04F79EFBC}") = "Assembly-CSharp-firstpass", "Assembly-CSharp-firstpass.csproj", "{048381FD-4055-7DCA-5754-F2B552BA3692}"
EndProject
Project("{FAE04EC0-301F-11D3-BF4B-00C04F79EFBC}") = "Assembly-CSharp", "Assembly-CSharp.csproj", "{84495A8E-F32C-2A14-8E72-FB7162BDF71A}"
EndProject
Project("{FAE04EC0-301F-11D3-BF4B-00C04F79EFBC}") = "Assembly-CSharp-Editor-firstpass", "Assembly-CSharp-Editor-firstpass.csproj", "{EEE187FE-7BBE-ABA5-952F-B38C2ADF278D}"
EndProject
Project("{FAE04EC0-301F-11D3-BF4B-00C04F79EFBC}") = "Assembly-CSharp-Editor", "Assembly-CSharp-Editor.csproj", "{F14A7B5C-107A-0220-B5D2-5750A57121D1}"
EndProject
Global
	GlobalSection(SolutionConfigurationPlatforms) = preSolution
		Debug|Any CPU = Debug|Any CPU
		Release|Any CPU = Release|Any CPU
	EndGlobalSection
	GlobalSection(ProjectConfigurationPlatforms) = postSolution
		{048381FD-4055-7DCA-5754-F2B552BA3692}.Debug|Any CPU.ActiveCfg = Debug|Any CPU
		{048381FD-4055-7DCA-5754-F2B552BA3692}.Debug|Any CPU.Build.0 = Debug|Any CPU
		{048381FD-4055-7DCA-5754-F2B552BA3692}.Release|Any CPU.ActiveCfg = Release|Any CPU
		{048381FD-4055-7DCA-5754-F2B552BA3692}.Release|Any CPU.Build.0 = Release|Any CPU
		{84495A8E-F32C-2A14-8E72-FB7162BDF71A}.Debug|Any CPU.ActiveCfg = Debug|Any CPU
		{84495A8E-F32C-2A14-8E72-FB7162BDF71A}.Debug|Any CPU.Build.0 = Debug|Any CPU
		{84495A8E-F32C-2A14-8E72-FB7162BDF71A}.Release|Any CPU.ActiveCfg = Release|Any CPU
		{84495A8E-F32C-2A14-8E72-FB7162BDF71A}.Release|Any CPU.Build.0 = Release|Any CPU
		{EEE187FE-7BBE-ABA5-952F-B38C2ADF278D}.Debug|Any CPU.ActiveCfg = Debug|Any CPU
		{EEE187FE-7BBE-ABA5-952F-B38C2ADF278D}.Debug|Any CPU.Build.0 = Debug|Any CPU
		{EEE187FE-7BBE-ABA5-952F-B38C2ADF278D}.Release|Any CPU.ActiveCfg = Release|Any CPU
		{EEE187FE-7BBE-ABA5-952F-B38C2ADF278D}.Release|Any CPU.Build.0 = Release|Any CPU
		{F14A7B5C-107A-0220-B5D2-5750A57121D1}.Debug|Any CPU.ActiveCfg = Debug|Any CPU
		{F14A7B5C-107A-0220-B5D2-5750A57121D1}.Debug|Any CPU.Build.0 = Debug|Any CPU
		{F14A7B5C-107A-0220-B5D2-5750A57121D1}.Release|Any CPU.ActiveCfg = Release|Any CPU
		{F14A7B5C-107A-0220-B5D2-5750A57121D1}.Release|Any CPU.Build.0 = Release|Any CPU
	EndGlobalSection
	GlobalSection(SolutionProperties) = preSolution
		HideSolutionNode = FALSE
	EndGlobalSection
EndGlobal
